
Microsoft Visual Studio Solution File, Format Version 12.00
# Visual Studio 15
VisualStudioVersion = 15.0.28307.329
MinimumVisualStudioVersion = 10.0.40219.1
Project("{FAE04EC0-301F-11D3-BF4B-00C04F79EFBC}") = "VidlyWebApplication", "VidlyWebApplication\VidlyWebApplication.csproj", "{FD08CF03-F5C1-44C3-B413-1ADFFA2FF9ED}"
EndProject
Global
	GlobalSection(SolutionConfigurationPlatforms) = preSolution
		Debug|Any CPU = Debug|Any CPU
		Release|Any CPU = Release|Any CPU
	EndGlobalSection
	GlobalSection(ProjectConfigurationPlatforms) = postSolution
		{FD08CF03-F5C1-44C3-B413-1ADFFA2FF9ED}.Debug|Any CPU.ActiveCfg = Debug|Any CPU
		{FD08CF03-F5C1-44C3-B413-1ADFFA2FF9ED}.Debug|Any CPU.Build.0 = Debug|Any CPU
		{FD08CF03-F5C1-44C3-B413-1ADFFA2FF9ED}.Release|Any CPU.ActiveCfg = Release|Any CPU
		{FD08CF03-F5C1-44C3-B413-1ADFFA2FF9ED}.Release|Any CPU.Build.0 = Release|Any CPU
	EndGlobalSection
	GlobalSection(SolutionProperties) = preSolution
		HideSolutionNode = FALSE
	EndGlobalSection
	GlobalSection(ExtensibilityGlobals) = postSolution
		SolutionGuid = {1A53128A-9C72-40F1-8E23-65865F16D8BD}
	EndGlobalSection
EndGlobal
